<?xml version="1.0" encoding="utf-8"?>
<Project ToolsVersion="4.0" xmlns="http://schemas.microsoft.com/developer/msbuild/2003">
  <ItemGroup>
    <Filter Include="Header Files">
      <UniqueIdentifier>{93995380-89BD-4b04-88EB-625FBE52EBFB}</UniqueIdentifier>
      <Extensions>h;hh;hpp;hxx;h++;hm;inl;inc;ipp;xsd</Extensions>
    </Filter>
    <Filter Include="Resource Files">
      <UniqueIdentifier>{67DA6AB6-F800-4c08-8B7A-83BB121AAD01}</UniqueIdentifier>
      <Extensions>rc;ico;cur;bmp;dlg;rc2;rct;bin;rgs;gif;jpg;jpeg;jpe;resx;tiff;tif;png;wav;mfcribbon-ms</Extensions>
    </Filter>
  </ItemGroup>
  <ItemGroup>
    <ClCompile Include="..\..\USBPcapCMD\cmd.c" />
    <ClCompile Include="..\..\USBPcapCMD\descriptors.c" />
    <ClCompile Include="..\..\USBPcapCMD\enum.c" />
    <ClCompile Include="..\..\USBPcapCMD\filters.c" />
    <ClCompile Include="..\..\USBPcapCMD\getopt.c" />
    <ClCompile Include="..\..\USBPcapCMD\iocontrol.c" />
    <ClCompile Include="..\..\USBPcapCMD\roothubs.c" />
    <ClCompile Include="..\..\USBPcapCMD\thread.c" />
  </ItemGroup>
  <ItemGroup>
    <ClInclude Include="..\..\USBPcapCMD\descriptors.h">
      <Filter>Header Files</Filter>
    </ClInclude>
    <ClInclude Include="..\..\USBPcapCMD\enum.h">
      <Filter>Header Files</Filter>
    </ClInclude>
    <ClInclude Include="..\..\USBPcapCMD\filters.h">
      <Filter>Header Files</Filter>
    </ClInclude>
    <ClInclude Include="..\..\USBPcapCMD\getopt.h">
      <Filter>Header Files</Filter>
    </ClInclude>
    <ClInclude Include="..\..\USBPcapCMD\iocontrol.h">
      <Filter>Header Files</Filter>
    </ClInclude>
    <ClInclude Include="..\..\USBPcapCMD\roothubs.h">
      <Filter>Header Files</Filter>
    </ClInclude>
    <ClInclude Include="..\..\USBPcapCMD\thread.h">
      <Filter>Header Files</Filter>
    </ClInclude>
    <ClInclude Include="..\..\USBPcapCMD\version.h">
      <Filter>Header Files</Filter>
    </ClInclude>
  </ItemGroup>
  <ItemGroup>
    <ResourceCompile Include="..\..\USBPcapCMD\USBPcapCMD.rc">
      <Filter>Resource Files</Filter>
    </ResourceCompile>
  </ItemGroup>
</Project>